
Microsoft Visual Studio Solution File, Format Version 12.00
# Visual Studio Version 17
VisualStudioVersion = 17.4.33205.214
MinimumVisualStudioVersion = 10.0.40219.1
Project("{FAE04EC0-301F-11D3-BF4B-00C04F79EFBC}") = "PaintBot.Server", "PaintBot.Server\PaintBot.Server.csproj", "{8583F021-3F62-409B-A002-D0144F27454A}"
EndProject
Global
	GlobalSection(SolutionConfigurationPlatforms) = preSolution
		Debug|Any CPU = Debug|Any CPU
		Release|Any CPU = Release|Any CPU
	EndGlobalSection
	GlobalSection(ProjectConfigurationPlatforms) = postSolution
		{8583F021-3F62-409B-A002-D0144F27454A}.Debug|Any CPU.ActiveCfg = Debug|Any CPU
		{8583F021-3F62-409B-A002-D0144F27454A}.Debug|Any CPU.Build.0 = Debug|Any CPU
		{8583F021-3F62-409B-A002-D0144F27454A}.Release|Any CPU.ActiveCfg = Release|Any CPU
		{8583F021-3F62-409B-A002-D0144F27454A}.Release|Any CPU.Build.0 = Release|Any CPU
	EndGlobalSection
	GlobalSection(SolutionProperties) = preSolution
		HideSolutionNode = FALSE
	EndGlobalSection
	GlobalSection(ExtensibilityGlobals) = postSolution
		SolutionGuid = {96BE9509-5F31-466B-B80A-6E8885B15DFB}
	EndGlobalSection
EndGlobal
